
Microsoft Visual Studio Solution File, Format Version 12.00
# Visual Studio Version 17
VisualStudioVersion = 17.12.35707.178 d17.12
MinimumVisualStudioVersion = 10.0.40219.1
Project("{FAE04EC0-301F-11D3-BF4B-00C04F79EFBC}") = "joe_hawes_make_chocolate", "joe_hawes_make_chocolate.csproj", "{EC390C0E-3D55-47A3-ABF9-AC29EC014EA5}"
EndProject
Global
	GlobalSection(SolutionConfigurationPlatforms) = preSolution
		Debug|Any CPU = Debug|Any CPU
		Release|Any CPU = Release|Any CPU
	EndGlobalSection
	GlobalSection(ProjectConfigurationPlatforms) = postSolution
		{EC390C0E-3D55-47A3-ABF9-AC29EC014EA5}.Debug|Any CPU.ActiveCfg = Debug|Any CPU
		{EC390C0E-3D55-47A3-ABF9-AC29EC014EA5}.Debug|Any CPU.Build.0 = Debug|Any CPU
		{EC390C0E-3D55-47A3-ABF9-AC29EC014EA5}.Release|Any CPU.ActiveCfg = Release|Any CPU
		{EC390C0E-3D55-47A3-ABF9-AC29EC014EA5}.Release|Any CPU.Build.0 = Release|Any CPU
	EndGlobalSection
	GlobalSection(SolutionProperties) = preSolution
		HideSolutionNode = FALSE
	EndGlobalSection
EndGlobal
